// !$*UTF8*$!
{
	archiveVersion = 1;
	classes = {
	};
	objectVersion = 56;
	objects = {

/* Begin PBXBuildFile section */
		0E08653D2B73A1FA003994C2 /* EditProfileTableViewController.swift in Sources */ = {isa = PBXBuildFile; fileRef = 0E08653C2B73A1FA003994C2 /* EditProfileTableViewController.swift */; };
		0E08653F2B73F61F003994C2 /* FileStorage.swift in Sources */ = {isa = PBXBuildFile; fileRef = 0E08653E2B73F61F003994C2 /* FileStorage.swift */; };
		0E0865412B7406FA003994C2 /* GlobalFunctions.swift in Sources */ = {isa = PBXBuildFile; fileRef = 0E0865402B7406FA003994C2 /* GlobalFunctions.swift */; };
		0E0865432B740EB5003994C2 /* Extensions.swift in Sources */ = {isa = PBXBuildFile; fileRef = 0E0865422B740EB5003994C2 /* Extensions.swift */; };
		0E0865452B7411D8003994C2 /* Status.swift in Sources */ = {isa = PBXBuildFile; fileRef = 0E0865442B7411D8003994C2 /* Status.swift */; };
		0E196AAE2B76C49500AD476E /* StartChat.swift in Sources */ = {isa = PBXBuildFile; fileRef = 0E196AAD2B76C49500AD476E /* StartChat.swift */; };
		0E196AB02B76C8FF00AD476E /* FirebaseRecentListener.swift in Sources */ = {isa = PBXBuildFile; fileRef = 0E196AAF2B76C8FF00AD476E /* FirebaseRecentListener.swift */; };
		0E2EC5C82B6E3C5D00A26EDE /* GoogleService-Info.plist in Resources */ = {isa = PBXBuildFile; fileRef = 0E2EC5C72B6E3C5D00A26EDE /* GoogleService-Info.plist */; };
		0E3041AA2B6FBC0200946B20 /* User.swift in Sources */ = {isa = PBXBuildFile; fileRef = 0E3041A92B6FBC0200946B20 /* User.swift */; };
		0E3041AD2B6FBE4A00946B20 /* Constants.swift in Sources */ = {isa = PBXBuildFile; fileRef = 0E3041AC2B6FBE4A00946B20 /* Constants.swift */; };
		0E3041AF2B6FD55500946B20 /* FirebaseCollectionReference.swift in Sources */ = {isa = PBXBuildFile; fileRef = 0E3041AE2B6FD55500946B20 /* FirebaseCollectionReference.swift */; };
		0E3041B22B6FD92900946B20 /* FirebaseUserListener.swift in Sources */ = {isa = PBXBuildFile; fileRef = 0E3041B12B6FD92900946B20 /* FirebaseUserListener.swift */; };
		0E4B003D2B7CD6D30090E886 /* PhotoMessage.swift in Sources */ = {isa = PBXBuildFile; fileRef = 0E4B003C2B7CD6D30090E886 /* PhotoMessage.swift */; };
		0E4B00402B7CEB650090E886 /* VideoMessages.swift in Sources */ = {isa = PBXBuildFile; fileRef = 0E4B003F2B7CEB650090E886 /* VideoMessages.swift */; };
		0E4B00422B7CEFEE0090E886 /* LocationManager.swift in Sources */ = {isa = PBXBuildFile; fileRef = 0E4B00412B7CEFEE0090E886 /* LocationManager.swift */; };
		0E4B00442B7CF9520090E886 /* LocationMessage.swift in Sources */ = {isa = PBXBuildFile; fileRef = 0E4B00432B7CF9520090E886 /* LocationMessage.swift */; };
		0E4B00482B7CFD8A0090E886 /* MapViewController.swift in Sources */ = {isa = PBXBuildFile; fileRef = 0E4B00472B7CFD8A0090E886 /* MapViewController.swift */; };
		0E4B004A2B7D00690090E886 /* MapAnnotation.swift in Sources */ = {isa = PBXBuildFile; fileRef = 0E4B00492B7D00690090E886 /* MapAnnotation.swift */; };
		0E4B004C2B7D0D120090E886 /* AudioRecorder.swift in Sources */ = {isa = PBXBuildFile; fileRef = 0E4B004B2B7D0D120090E886 /* AudioRecorder.swift */; };
		0E4B004E2B7D11950090E886 /* AudioMessage.swift in Sources */ = {isa = PBXBuildFile; fileRef = 0E4B004D2B7D11950090E886 /* AudioMessage.swift */; };
		0E4B00502B7D17390090E886 /* BasicAudioController.swift in Sources */ = {isa = PBXBuildFile; fileRef = 0E4B004F2B7D17390090E886 /* BasicAudioController.swift */; };
		0E4F2B532B7A80F000F0BFF3 /* ChatsTableViewController.swift in Sources */ = {isa = PBXBuildFile; fileRef = 0E4F2B522B7A80F000F0BFF3 /* ChatsTableViewController.swift */; };
		0E4F2B552B7A944900F0BFF3 /* ChatViewController.swift in Sources */ = {isa = PBXBuildFile; fileRef = 0E4F2B542B7A944900F0BFF3 /* ChatViewController.swift */; };
		0E4F2B572B7AA5AE00F0BFF3 /* MessageDataSource.swift in Sources */ = {isa = PBXBuildFile; fileRef = 0E4F2B562B7AA5AE00F0BFF3 /* MessageDataSource.swift */; };
		0E4F2B5A2B7AA5D800F0BFF3 /* MessageCellDelegate.swift in Sources */ = {isa = PBXBuildFile; fileRef = 0E4F2B592B7AA5D800F0BFF3 /* MessageCellDelegate.swift */; };
		0E4F2B5C2B7AA5EA00F0BFF3 /* MessageDisplayDelegate.swift in Sources */ = {isa = PBXBuildFile; fileRef = 0E4F2B5B2B7AA5EA00F0BFF3 /* MessageDisplayDelegate.swift */; };
		0E4F2B5E2B7AA5FA00F0BFF3 /* MessageLayoutDelegate.swift in Sources */ = {isa = PBXBuildFile; fileRef = 0E4F2B5D2B7AA5FA00F0BFF3 /* MessageLayoutDelegate.swift */; };
		0E4F2B602B7AA60C00F0BFF3 /* InputBarAccessoryViewDelegate.swift in Sources */ = {isa = PBXBuildFile; fileRef = 0E4F2B5F2B7AA60C00F0BFF3 /* InputBarAccessoryViewDelegate.swift */; };
		0E4F2B622B7AA8F100F0BFF3 /* MessageKitDefaults.swift in Sources */ = {isa = PBXBuildFile; fileRef = 0E4F2B612B7AA8F100F0BFF3 /* MessageKitDefaults.swift */; };
		0E4F2B642B7AAA4700F0BFF3 /* MKMessage.swift in Sources */ = {isa = PBXBuildFile; fileRef = 0E4F2B632B7AAA4700F0BFF3 /* MKMessage.swift */; };
		0E4F2B662B7AAC5500F0BFF3 /* LocalMessage.swift in Sources */ = {isa = PBXBuildFile; fileRef = 0E4F2B652B7AAC5500F0BFF3 /* LocalMessage.swift */; };
		0E4F2B692B7AB32F00F0BFF3 /* RealmManager.swift in Sources */ = {isa = PBXBuildFile; fileRef = 0E4F2B682B7AB32F00F0BFF3 /* RealmManager.swift */; };
		0E4F2B6B2B7AB6A800F0BFF3 /* OutgoingMessage.swift in Sources */ = {isa = PBXBuildFile; fileRef = 0E4F2B6A2B7AB6A800F0BFF3 /* OutgoingMessage.swift */; };
		0E50CEEA2B6DBA3B00226B22 /* AppDelegate.swift in Sources */ = {isa = PBXBuildFile; fileRef = 0E50CEE92B6DBA3B00226B22 /* AppDelegate.swift */; };
		0E50CEEC2B6DBA3B00226B22 /* SceneDelegate.swift in Sources */ = {isa = PBXBuildFile; fileRef = 0E50CEEB2B6DBA3B00226B22 /* SceneDelegate.swift */; };
		0E50CEEE2B6DBA3B00226B22 /* LoginViewController.swift in Sources */ = {isa = PBXBuildFile; fileRef = 0E50CEED2B6DBA3B00226B22 /* LoginViewController.swift */; };
		0E50CEF12B6DBA3B00226B22 /* Main.storyboard in Resources */ = {isa = PBXBuildFile; fileRef = 0E50CEEF2B6DBA3B00226B22 /* Main.storyboard */; };
		0E50CEF32B6DBA3C00226B22 /* Assets.xcassets in Resources */ = {isa = PBXBuildFile; fileRef = 0E50CEF22B6DBA3C00226B22 /* Assets.xcassets */; };
		0E50CEF62B6DBA3C00226B22 /* LaunchScreen.storyboard in Resources */ = {isa = PBXBuildFile; fileRef = 0E50CEF42B6DBA3C00226B22 /* LaunchScreen.storyboard */; };
		0E745DE12B7B90A600EB1289 /* IncomingMessage.swift in Sources */ = {isa = PBXBuildFile; fileRef = 0E745DE02B7B90A600EB1289 /* IncomingMessage.swift */; };
		0E745DE32B7BB95E00EB1289 /* FirebaseTypingListener.swift in Sources */ = {isa = PBXBuildFile; fileRef = 0E745DE22B7BB95E00EB1289 /* FirebaseTypingListener.swift */; };
		0E76697E2B74F79F008B5D30 /* StatusTableViewController.swift in Sources */ = {isa = PBXBuildFile; fileRef = 0E76697D2B74F79F008B5D30 /* StatusTableViewController.swift */; };
		0E7669822B7518E3008B5D30 /* UserTableViewCell.swift in Sources */ = {isa = PBXBuildFile; fileRef = 0E7669812B7518E3008B5D30 /* UserTableViewCell.swift */; };
		0E7669842B751BCE008B5D30 /* UsersTableViewController.swift in Sources */ = {isa = PBXBuildFile; fileRef = 0E7669832B751BCE008B5D30 /* UsersTableViewController.swift */; };
		0E7669862B757D0E008B5D30 /* ProfileTableViewController.swift in Sources */ = {isa = PBXBuildFile; fileRef = 0E7669852B757D0E008B5D30 /* ProfileTableViewController.swift */; };
		0E7819DF2B7626A200E692F8 /* RecentChat.swift in Sources */ = {isa = PBXBuildFile; fileRef = 0E7819DE2B7626A200E692F8 /* RecentChat.swift */; };
		0E7819E12B7677DF00E692F8 /* RecentTableViewCell.swift in Sources */ = {isa = PBXBuildFile; fileRef = 0E7819E02B7677DF00E692F8 /* RecentTableViewCell.swift */; };
		0E8194E92B7B865400F9BDCA /* FirebaseMessageListener.swift in Sources */ = {isa = PBXBuildFile; fileRef = 0E8194E82B7B865400F9BDCA /* FirebaseMessageListener.swift */; };
		0EEDA3082B72AF9F0070C871 /* SettingsTableViewController.swift in Sources */ = {isa = PBXBuildFile; fileRef = 0EEDA3072B72AF9F0070C871 /* SettingsTableViewController.swift */; };
		189B1DC2AA4F45BDD476039A /* Pods_Messenger2_0.framework in Frameworks */ = {isa = PBXBuildFile; fileRef = F8ABBCD12902020E7D2563B2 /* Pods_Messenger2_0.framework */; };
/* End PBXBuildFile section */

/* Begin PBXFileReference section */
		0E08653C2B73A1FA003994C2 /* EditProfileTableViewController.swift */ = {isa = PBXFileReference; lastKnownFileType = sourcecode.swift; path = EditProfileTableViewController.swift; sourceTree = "<group>"; };
		0E08653E2B73F61F003994C2 /* FileStorage.swift */ = {isa = PBXFileReference; lastKnownFileType = sourcecode.swift; path = FileStorage.swift; sourceTree = "<group>"; };
		0E0865402B7406FA003994C2 /* GlobalFunctions.swift */ = {isa = PBXFileReference; lastKnownFileType = sourcecode.swift; path = GlobalFunctions.swift; sourceTree = "<group>"; };
		0E0865422B740EB5003994C2 /* Extensions.swift */ = {isa = PBXFileReference; lastKnownFileType = sourcecode.swift; path = Extensions.swift; sourceTree = "<group>"; };
		0E0865442B7411D8003994C2 /* Status.swift */ = {isa = PBXFileReference; lastKnownFileType = sourcecode.swift; path = Status.swift; sourceTree = "<group>"; };
		0E196AAD2B76C49500AD476E /* StartChat.swift */ = {isa = PBXFileReference; lastKnownFileType = sourcecode.swift; path = StartChat.swift; sourceTree = "<group>"; };
		0E196AAF2B76C8FF00AD476E /* FirebaseRecentListener.swift */ = {isa = PBXFileReference; lastKnownFileType = sourcecode.swift; path = FirebaseRecentListener.swift; sourceTree = "<group>"; };
		0E2EC5C72B6E3C5D00A26EDE /* GoogleService-Info.plist */ = {isa = PBXFileReference; fileEncoding = 4; lastKnownFileType = text.plist.xml; path = "GoogleService-Info.plist"; sourceTree = "<group>"; };
		0E3041A92B6FBC0200946B20 /* User.swift */ = {isa = PBXFileReference; lastKnownFileType = sourcecode.swift; path = User.swift; sourceTree = "<group>"; };
		0E3041AC2B6FBE4A00946B20 /* Constants.swift */ = {isa = PBXFileReference; lastKnownFileType = sourcecode.swift; path = Constants.swift; sourceTree = "<group>"; };
		0E3041AE2B6FD55500946B20 /* FirebaseCollectionReference.swift */ = {isa = PBXFileReference; lastKnownFileType = sourcecode.swift; path = FirebaseCollectionReference.swift; sourceTree = "<group>"; };
		0E3041B12B6FD92900946B20 /* FirebaseUserListener.swift */ = {isa = PBXFileReference; lastKnownFileType = sourcecode.swift; path = FirebaseUserListener.swift; sourceTree = "<group>"; };
		0E4B003C2B7CD6D30090E886 /* PhotoMessage.swift */ = {isa = PBXFileReference; lastKnownFileType = sourcecode.swift; path = PhotoMessage.swift; sourceTree = "<group>"; };
		0E4B003F2B7CEB650090E886 /* VideoMessages.swift */ = {isa = PBXFileReference; lastKnownFileType = sourcecode.swift; path = VideoMessages.swift; sourceTree = "<group>"; };
		0E4B00412B7CEFEE0090E886 /* LocationManager.swift */ = {isa = PBXFileReference; lastKnownFileType = sourcecode.swift; path = LocationManager.swift; sourceTree = "<group>"; };
		0E4B00432B7CF9520090E886 /* LocationMessage.swift */ = {isa = PBXFileReference; lastKnownFileType = sourcecode.swift; path = LocationMessage.swift; sourceTree = "<group>"; };
		0E4B00472B7CFD8A0090E886 /* MapViewController.swift */ = {isa = PBXFileReference; lastKnownFileType = sourcecode.swift; path = MapViewController.swift; sourceTree = "<group>"; };
		0E4B00492B7D00690090E886 /* MapAnnotation.swift */ = {isa = PBXFileReference; lastKnownFileType = sourcecode.swift; path = MapAnnotation.swift; sourceTree = "<group>"; };
		0E4B004B2B7D0D120090E886 /* AudioRecorder.swift */ = {isa = PBXFileReference; lastKnownFileType = sourcecode.swift; path = AudioRecorder.swift; sourceTree = "<group>"; };
		0E4B004D2B7D11950090E886 /* AudioMessage.swift */ = {isa = PBXFileReference; lastKnownFileType = sourcecode.swift; path = AudioMessage.swift; sourceTree = "<group>"; };
		0E4B004F2B7D17390090E886 /* BasicAudioController.swift */ = {isa = PBXFileReference; lastKnownFileType = sourcecode.swift; path = BasicAudioController.swift; sourceTree = "<group>"; };
		0E4F2B522B7A80F000F0BFF3 /* ChatsTableViewController.swift */ = {isa = PBXFileReference; lastKnownFileType = sourcecode.swift; path = ChatsTableViewController.swift; sourceTree = "<group>"; };
		0E4F2B542B7A944900F0BFF3 /* ChatViewController.swift */ = {isa = PBXFileReference; lastKnownFileType = sourcecode.swift; path = ChatViewController.swift; sourceTree = "<group>"; };
		0E4F2B562B7AA5AE00F0BFF3 /* MessageDataSource.swift */ = {isa = PBXFileReference; lastKnownFileType = sourcecode.swift; path = MessageDataSource.swift; sourceTree = "<group>"; };
		0E4F2B592B7AA5D800F0BFF3 /* MessageCellDelegate.swift */ = {isa = PBXFileReference; lastKnownFileType = sourcecode.swift; path = MessageCellDelegate.swift; sourceTree = "<group>"; };
		0E4F2B5B2B7AA5EA00F0BFF3 /* MessageDisplayDelegate.swift */ = {isa = PBXFileReference; lastKnownFileType = sourcecode.swift; path = MessageDisplayDelegate.swift; sourceTree = "<group>"; };
		0E4F2B5D2B7AA5FA00F0BFF3 /* MessageLayoutDelegate.swift */ = {isa = PBXFileReference; lastKnownFileType = sourcecode.swift; path = MessageLayoutDelegate.swift; sourceTree = "<group>"; };
		0E4F2B5F2B7AA60C00F0BFF3 /* InputBarAccessoryViewDelegate.swift */ = {isa = PBXFileReference; lastKnownFileType = sourcecode.swift; path = InputBarAccessoryViewDelegate.swift; sourceTree = "<group>"; };
		0E4F2B612B7AA8F100F0BFF3 /* MessageKitDefaults.swift */ = {isa = PBXFileReference; lastKnownFileType = sourcecode.swift; path = MessageKitDefaults.swift; sourceTree = "<group>"; };
		0E4F2B632B7AAA4700F0BFF3 /* MKMessage.swift */ = {isa = PBXFileReference; lastKnownFileType = sourcecode.swift; path = MKMessage.swift; sourceTree = "<group>"; };
		0E4F2B652B7AAC5500F0BFF3 /* LocalMessage.swift */ = {isa = PBXFileReference; lastKnownFileType = sourcecode.swift; path = LocalMessage.swift; sourceTree = "<group>"; };
		0E4F2B682B7AB32F00F0BFF3 /* RealmManager.swift */ = {isa = PBXFileReference; lastKnownFileType = sourcecode.swift; path = RealmManager.swift; sourceTree = "<group>"; };
		0E4F2B6A2B7AB6A800F0BFF3 /* OutgoingMessage.swift */ = {isa = PBXFileReference; lastKnownFileType = sourcecode.swift; path = OutgoingMessage.swift; sourceTree = "<group>"; };
		0E50CEE62B6DBA3B00226B22 /* Messenger2.0.app */ = {isa = PBXFileReference; explicitFileType = wrapper.application; includeInIndex = 0; path = Messenger2.0.app; sourceTree = BUILT_PRODUCTS_DIR; };
		0E50CEE92B6DBA3B00226B22 /* AppDelegate.swift */ = {isa = PBXFileReference; lastKnownFileType = sourcecode.swift; path = AppDelegate.swift; sourceTree = "<group>"; };
		0E50CEEB2B6DBA3B00226B22 /* SceneDelegate.swift */ = {isa = PBXFileReference; lastKnownFileType = sourcecode.swift; path = SceneDelegate.swift; sourceTree = "<group>"; };
		0E50CEED2B6DBA3B00226B22 /* LoginViewController.swift */ = {isa = PBXFileReference; lastKnownFileType = sourcecode.swift; path = LoginViewController.swift; sourceTree = "<group>"; };
		0E50CEF02B6DBA3B00226B22 /* Base */ = {isa = PBXFileReference; lastKnownFileType = file.storyboard; name = Base; path = Base.lproj/Main.storyboard; sourceTree = "<group>"; };
		0E50CEF22B6DBA3C00226B22 /* Assets.xcassets */ = {isa = PBXFileReference; lastKnownFileType = folder.assetcatalog; path = Assets.xcassets; sourceTree = "<group>"; };
		0E50CEF52B6DBA3C00226B22 /* Base */ = {isa = PBXFileReference; lastKnownFileType = file.storyboard; name = Base; path = Base.lproj/LaunchScreen.storyboard; sourceTree = "<group>"; };
		0E50CEF72B6DBA3C00226B22 /* Info.plist */ = {isa = PBXFileReference; lastKnownFileType = text.plist.xml; path = Info.plist; sourceTree = "<group>"; };
		0E745DE02B7B90A600EB1289 /* IncomingMessage.swift */ = {isa = PBXFileReference; lastKnownFileType = sourcecode.swift; path = IncomingMessage.swift; sourceTree = "<group>"; };
		0E745DE22B7BB95E00EB1289 /* FirebaseTypingListener.swift */ = {isa = PBXFileReference; lastKnownFileType = sourcecode.swift; path = FirebaseTypingListener.swift; sourceTree = "<group>"; };
		0E76697D2B74F79F008B5D30 /* StatusTableViewController.swift */ = {isa = PBXFileReference; lastKnownFileType = sourcecode.swift; path = StatusTableViewController.swift; sourceTree = "<group>"; };
		0E7669812B7518E3008B5D30 /* UserTableViewCell.swift */ = {isa = PBXFileReference; lastKnownFileType = sourcecode.swift; path = UserTableViewCell.swift; sourceTree = "<group>"; };
		0E7669832B751BCE008B5D30 /* UsersTableViewController.swift */ = {isa = PBXFileReference; lastKnownFileType = sourcecode.swift; path = UsersTableViewController.swift; sourceTree = "<group>"; };
		0E7669852B757D0E008B5D30 /* ProfileTableViewController.swift */ = {isa = PBXFileReference; lastKnownFileType = sourcecode.swift; path = ProfileTableViewController.swift; sourceTree = "<group>"; };
		0E7819DE2B7626A200E692F8 /* RecentChat.swift */ = {isa = PBXFileReference; lastKnownFileType = sourcecode.swift; path = RecentChat.swift; sourceTree = "<group>"; };
		0E7819E02B7677DF00E692F8 /* RecentTableViewCell.swift */ = {isa = PBXFileReference; lastKnownFileType = sourcecode.swift; path = RecentTableViewCell.swift; sourceTree = "<group>"; };
		0E8194E82B7B865400F9BDCA /* FirebaseMessageListener.swift */ = {isa = PBXFileReference; lastKnownFileType = sourcecode.swift; path = FirebaseMessageListener.swift; sourceTree = "<group>"; };
		0EEDA3072B72AF9F0070C871 /* SettingsTableViewController.swift */ = {isa = PBXFileReference; lastKnownFileType = sourcecode.swift; path = SettingsTableViewController.swift; sourceTree = "<group>"; };
		4FC2A08E8E4D5A0EB719BEB6 /* Pods-Messenger2.0.release.xcconfig */ = {isa = PBXFileReference; includeInIndex = 1; lastKnownFileType = text.xcconfig; name = "Pods-Messenger2.0.release.xcconfig"; path = "Target Support Files/Pods-Messenger2.0/Pods-Messenger2.0.release.xcconfig"; sourceTree = "<group>"; };
		7C2DD413F445D2DC58BAB467 /* Pods-Messenger2.0.debug.xcconfig */ = {isa = PBXFileReference; includeInIndex = 1; lastKnownFileType = text.xcconfig; name = "Pods-Messenger2.0.debug.xcconfig"; path = "Target Support Files/Pods-Messenger2.0/Pods-Messenger2.0.debug.xcconfig"; sourceTree = "<group>"; };
		F8ABBCD12902020E7D2563B2 /* Pods_Messenger2_0.framework */ = {isa = PBXFileReference; explicitFileType = wrapper.framework; includeInIndex = 0; path = Pods_Messenger2_0.framework; sourceTree = BUILT_PRODUCTS_DIR; };
/* End PBXFileReference section */

/* Begin PBXFrameworksBuildPhase section */
		0E50CEE32B6DBA3B00226B22 /* Frameworks */ = {
			isa = PBXFrameworksBuildPhase;
			buildActionMask = 2147483647;
			files = (
				189B1DC2AA4F45BDD476039A /* Pods_Messenger2_0.framework in Frameworks */,
			);
			runOnlyForDeploymentPostprocessing = 0;
		};
/* End PBXFrameworksBuildPhase section */

/* Begin PBXGroup section */
		0E196AAC2B76BE6900AD476E /* MainViews */ = {
			isa = PBXGroup;
			children = (
				0E7669832B751BCE008B5D30 /* UsersTableViewController.swift */,
				0E4F2B522B7A80F000F0BFF3 /* ChatsTableViewController.swift */,
			);
			path = MainViews;
			sourceTree = "<group>";
		};
		0E3041AB2B6FBC1D00946B20 /* Model */ = {
			isa = PBXGroup;
			children = (
				0E3041A92B6FBC0200946B20 /* User.swift */,
				0E0865442B7411D8003994C2 /* Status.swift */,
				0E7819DE2B7626A200E692F8 /* RecentChat.swift */,
				0E4F2B632B7AAA4700F0BFF3 /* MKMessage.swift */,
				0E4F2B6A2B7AB6A800F0BFF3 /* OutgoingMessage.swift */,
				0E745DE02B7B90A600EB1289 /* IncomingMessage.swift */,
				0E4B00492B7D00690090E886 /* MapAnnotation.swift */,
				0E4B004B2B7D0D120090E886 /* AudioRecorder.swift */,
				0E4B004F2B7D17390090E886 /* BasicAudioController.swift */,
				0E4B003E2B7CEB4C0090E886 /* MediaMessages */,
				0E4F2B672B7AAC5F00F0BFF3 /* RealmMessages */,
				0E4B00412B7CEFEE0090E886 /* LocationManager.swift */,
			);
			path = Model;
			sourceTree = "<group>";
		};
		0E3041B02B6FD8B900946B20 /* Firebase Helpers */ = {
			isa = PBXGroup;
			children = (
				0E3041AE2B6FD55500946B20 /* FirebaseCollectionReference.swift */,
				0E3041B12B6FD92900946B20 /* FirebaseUserListener.swift */,
				0E08653E2B73F61F003994C2 /* FileStorage.swift */,
				0E196AAF2B76C8FF00AD476E /* FirebaseRecentListener.swift */,
				0E8194E82B7B865400F9BDCA /* FirebaseMessageListener.swift */,
				0E745DE22B7BB95E00EB1289 /* FirebaseTypingListener.swift */,
			);
			path = "Firebase Helpers";
			sourceTree = "<group>";
		};
		0E4B003E2B7CEB4C0090E886 /* MediaMessages */ = {
			isa = PBXGroup;
			children = (
				0E4B003C2B7CD6D30090E886 /* PhotoMessage.swift */,
				0E4B003F2B7CEB650090E886 /* VideoMessages.swift */,
				0E4B00432B7CF9520090E886 /* LocationMessage.swift */,
				0E4B004D2B7D11950090E886 /* AudioMessage.swift */,
			);
			path = MediaMessages;
			sourceTree = "<group>";
		};
		0E4B00452B7CFC770090E886 /* SettingsViews */ = {
			isa = PBXGroup;
			children = (
				0EEDA3072B72AF9F0070C871 /* SettingsTableViewController.swift */,
				0E08653C2B73A1FA003994C2 /* EditProfileTableViewController.swift */,
				0E76697D2B74F79F008B5D30 /* StatusTableViewController.swift */,
			);
			path = SettingsViews;
			sourceTree = "<group>";
		};
		0E4B00462B7CFCEB0090E886 /* CustomCells */ = {
			isa = PBXGroup;
			children = (
				0E7669812B7518E3008B5D30 /* UserTableViewCell.swift */,
				0E7819E02B7677DF00E692F8 /* RecentTableViewCell.swift */,
			);
			path = CustomCells;
			sourceTree = "<group>";
		};
		0E4F2B582B7AA5B700F0BFF3 /* ChatViewExtensions */ = {
			isa = PBXGroup;
			children = (
				0E4F2B562B7AA5AE00F0BFF3 /* MessageDataSource.swift */,
				0E4F2B592B7AA5D800F0BFF3 /* MessageCellDelegate.swift */,
				0E4F2B5B2B7AA5EA00F0BFF3 /* MessageDisplayDelegate.swift */,
				0E4F2B5D2B7AA5FA00F0BFF3 /* MessageLayoutDelegate.swift */,
				0E4F2B5F2B7AA60C00F0BFF3 /* InputBarAccessoryViewDelegate.swift */,
			);
			path = ChatViewExtensions;
			sourceTree = "<group>";
		};
		0E4F2B672B7AAC5F00F0BFF3 /* RealmMessages */ = {
			isa = PBXGroup;
			children = (
				0E4F2B652B7AAC5500F0BFF3 /* LocalMessage.swift */,
				0E4F2B682B7AB32F00F0BFF3 /* RealmManager.swift */,
			);
			path = RealmMessages;
			sourceTree = "<group>";
		};
		0E50CEDD2B6DBA3B00226B22 = {
			isa = PBXGroup;
			children = (
				0E50CEE82B6DBA3B00226B22 /* Messenger2.0 */,
				0E50CEE72B6DBA3B00226B22 /* Products */,
				575983FC177882AA2B857B9F /* Pods */,
				281120F688EEB2D2DBA182DF /* Frameworks */,
			);
			sourceTree = "<group>";
		};
		0E50CEE72B6DBA3B00226B22 /* Products */ = {
			isa = PBXGroup;
			children = (
				0E50CEE62B6DBA3B00226B22 /* Messenger2.0.app */,
			);
			name = Products;
			sourceTree = "<group>";
		};
		0E50CEE82B6DBA3B00226B22 /* Messenger2.0 */ = {
			isa = PBXGroup;
			children = (
				0E50CEE92B6DBA3B00226B22 /* AppDelegate.swift */,
				0E50CEEB2B6DBA3B00226B22 /* SceneDelegate.swift */,
				0EEDA3032B728E1D0070C871 /* Controllers */,
				0E3041AB2B6FBC1D00946B20 /* Model */,
				0E3041B02B6FD8B900946B20 /* Firebase Helpers */,
				0EEDA3042B7294FF0070C871 /* Helpers */,
				0E50CEEF2B6DBA3B00226B22 /* Main.storyboard */,
				0E50CEF42B6DBA3C00226B22 /* LaunchScreen.storyboard */,
				0E50CEF22B6DBA3C00226B22 /* Assets.xcassets */,
				0E50CEF72B6DBA3C00226B22 /* Info.plist */,
				0E2EC5C72B6E3C5D00A26EDE /* GoogleService-Info.plist */,
			);
			path = Messenger2.0;
			sourceTree = "<group>";
		};
		0E76697F2B74F7A5008B5D30 /* LoginViews */ = {
			isa = PBXGroup;
			children = (
				0E50CEED2B6DBA3B00226B22 /* LoginViewController.swift */,
			);
			path = LoginViews;
			sourceTree = "<group>";
		};
		0E7669802B7518BC008B5D30 /* SecondaryView */ = {
			isa = PBXGroup;
			children = (
				0E7669852B757D0E008B5D30 /* ProfileTableViewController.swift */,
				0E4B00472B7CFD8A0090E886 /* MapViewController.swift */,
				0E4F2B542B7A944900F0BFF3 /* ChatViewController.swift */,
				0E4F2B582B7AA5B700F0BFF3 /* ChatViewExtensions */,
			);
			path = SecondaryView;
			sourceTree = "<group>";
		};
		0EEDA3032B728E1D0070C871 /* Controllers */ = {
			isa = PBXGroup;
			children = (
				0E196AAC2B76BE6900AD476E /* MainViews */,
				0E7669802B7518BC008B5D30 /* SecondaryView */,
				0E4B00452B7CFC770090E886 /* SettingsViews */,
				0E76697F2B74F7A5008B5D30 /* LoginViews */,
				0E4B00462B7CFCEB0090E886 /* CustomCells */,
			);
			path = Controllers;
			sourceTree = "<group>";
		};
		0EEDA3042B7294FF0070C871 /* Helpers */ = {
			isa = PBXGroup;
			children = (
				0E3041AC2B6FBE4A00946B20 /* Constants.swift */,
				0E0865402B7406FA003994C2 /* GlobalFunctions.swift */,
				0E196AAD2B76C49500AD476E /* StartChat.swift */,
				0E0865422B740EB5003994C2 /* Extensions.swift */,
				0E4F2B612B7AA8F100F0BFF3 /* MessageKitDefaults.swift */,
			);
			path = Helpers;
			sourceTree = "<group>";
		};
		281120F688EEB2D2DBA182DF /* Frameworks */ = {
			isa = PBXGroup;
			children = (
				F8ABBCD12902020E7D2563B2 /* Pods_Messenger2_0.framework */,
			);
			name = Frameworks;
			sourceTree = "<group>";
		};
		575983FC177882AA2B857B9F /* Pods */ = {
			isa = PBXGroup;
			children = (
				7C2DD413F445D2DC58BAB467 /* Pods-Messenger2.0.debug.xcconfig */,
				4FC2A08E8E4D5A0EB719BEB6 /* Pods-Messenger2.0.release.xcconfig */,
			);
			path = Pods;
			sourceTree = "<group>";
		};
/* End PBXGroup section */

/* Begin PBXNativeTarget section */
		0E50CEE52B6DBA3B00226B22 /* Messenger2.0 */ = {
			isa = PBXNativeTarget;
			buildConfigurationList = 0E50CEFA2B6DBA3C00226B22 /* Build configuration list for PBXNativeTarget "Messenger2.0" */;
			buildPhases = (
				56BA4D25414E037D8328D6F9 /* [CP] Check Pods Manifest.lock */,
				0E50CEE22B6DBA3B00226B22 /* Sources */,
				0E50CEE32B6DBA3B00226B22 /* Frameworks */,
				0E50CEE42B6DBA3B00226B22 /* Resources */,
				15EA4D9BDABD4E8735283D8C /* [CP] Embed Pods Frameworks */,
			);
			buildRules = (
			);
			dependencies = (
			);
			name = Messenger2.0;
			productName = Messenger2.0;
			productReference = 0E50CEE62B6DBA3B00226B22 /* Messenger2.0.app */;
			productType = "com.apple.product-type.application";
		};
/* End PBXNativeTarget section */

/* Begin PBXProject section */
		0E50CEDE2B6DBA3B00226B22 /* Project object */ = {
			isa = PBXProject;
			attributes = {
				BuildIndependentTargetsInParallel = 1;
				LastSwiftUpdateCheck = 1420;
				LastUpgradeCheck = 1420;
				TargetAttributes = {
					0E50CEE52B6DBA3B00226B22 = {
						CreatedOnToolsVersion = 14.2;
					};
				};
			};
			buildConfigurationList = 0E50CEE12B6DBA3B00226B22 /* Build configuration list for PBXProject "Messenger2.0" */;
			compatibilityVersion = "Xcode 14.0";
			developmentRegion = en;
			hasScannedForEncodings = 0;
			knownRegions = (
				en,
				Base,
			);
			mainGroup = 0E50CEDD2B6DBA3B00226B22;
			productRefGroup = 0E50CEE72B6DBA3B00226B22 /* Products */;
			projectDirPath = "";
			projectRoot = "";
			targets = (
				0E50CEE52B6DBA3B00226B22 /* Messenger2.0 */,
			);
		};
/* End PBXProject section */

/* Begin PBXResourcesBuildPhase section */
		0E50CEE42B6DBA3B00226B22 /* Resources */ = {
			isa = PBXResourcesBuildPhase;
			buildActionMask = 2147483647;
			files = (
				0E50CEF62B6DBA3C00226B22 /* LaunchScreen.storyboard in Resources */,
				0E2EC5C82B6E3C5D00A26EDE /* GoogleService-Info.plist in Resources */,
				0E50CEF32B6DBA3C00226B22 /* Assets.xcassets in Resources */,
				0E50CEF12B6DBA3B00226B22 /* Main.storyboard in Resources */,
			);
			runOnlyForDeploymentPostprocessing = 0;
		};
/* End PBXResourcesBuildPhase section */

/* Begin PBXShellScriptBuildPhase section */
		15EA4D9BDABD4E8735283D8C /* [CP] Embed Pods Frameworks */ = {
			isa = PBXShellScriptBuildPhase;
			buildActionMask = 2147483647;
			files = (
			);
			inputFileListPaths = (
				"${PODS_ROOT}/Target Support Files/Pods-Messenger2.0/Pods-Messenger2.0-frameworks-${CONFIGURATION}-input-files.xcfilelist",
			);
			name = "[CP] Embed Pods Frameworks";
			outputFileListPaths = (
				"${PODS_ROOT}/Target Support Files/Pods-Messenger2.0/Pods-Messenger2.0-frameworks-${CONFIGURATION}-output-files.xcfilelist",
			);
			runOnlyForDeploymentPostprocessing = 0;
			shellPath = /bin/sh;
			shellScript = "\"${PODS_ROOT}/Target Support Files/Pods-Messenger2.0/Pods-Messenger2.0-frameworks.sh\"\n";
			showEnvVarsInLog = 0;
		};
		56BA4D25414E037D8328D6F9 /* [CP] Check Pods Manifest.lock */ = {
			isa = PBXShellScriptBuildPhase;
			buildActionMask = 2147483647;
			files = (
			);
			inputFileListPaths = (
			);
			inputPaths = (
				"${PODS_PODFILE_DIR_PATH}/Podfile.lock",
				"${PODS_ROOT}/Manifest.lock",
			);
			name = "[CP] Check Pods Manifest.lock";
			outputFileListPaths = (
			);
			outputPaths = (
				"$(DERIVED_FILE_DIR)/Pods-Messenger2.0-checkManifestLockResult.txt",
			);
			runOnlyForDeploymentPostprocessing = 0;
			shellPath = /bin/sh;
			shellScript = "diff \"${PODS_PODFILE_DIR_PATH}/Podfile.lock\" \"${PODS_ROOT}/Manifest.lock\" > /dev/null\nif [ $? != 0 ] ; then\n    # print error to STDERR\n    echo \"error: The sandbox is not in sync with the Podfile.lock. Run 'pod install' or update your CocoaPods installation.\" >&2\n    exit 1\nfi\n# This output is used by Xcode 'outputs' to avoid re-running this script phase.\necho \"SUCCESS\" > \"${SCRIPT_OUTPUT_FILE_0}\"\n";
			showEnvVarsInLog = 0;
		};
/* End PBXShellScriptBuildPhase section */

/* Begin PBXSourcesBuildPhase section */
		0E50CEE22B6DBA3B00226B22 /* Sources */ = {
			isa = PBXSourcesBuildPhase;
			buildActionMask = 2147483647;
			files = (
				0E7819DF2B7626A200E692F8 /* RecentChat.swift in Sources */,
				0E4F2B662B7AAC5500F0BFF3 /* LocalMessage.swift in Sources */,
				0E0865412B7406FA003994C2 /* GlobalFunctions.swift in Sources */,
				0E3041AF2B6FD55500946B20 /* FirebaseCollectionReference.swift in Sources */,
				0E196AB02B76C8FF00AD476E /* FirebaseRecentListener.swift in Sources */,
				0E4F2B692B7AB32F00F0BFF3 /* RealmManager.swift in Sources */,
				0E7669842B751BCE008B5D30 /* UsersTableViewController.swift in Sources */,
				0E08653F2B73F61F003994C2 /* FileStorage.swift in Sources */,
				0E4F2B622B7AA8F100F0BFF3 /* MessageKitDefaults.swift in Sources */,
				0E4B004C2B7D0D120090E886 /* AudioRecorder.swift in Sources */,
				0E4B00502B7D17390090E886 /* BasicAudioController.swift in Sources */,
				0E3041AD2B6FBE4A00946B20 /* Constants.swift in Sources */,
				0E7669822B7518E3008B5D30 /* UserTableViewCell.swift in Sources */,
				0E3041AA2B6FBC0200946B20 /* User.swift in Sources */,
				0E4F2B5A2B7AA5D800F0BFF3 /* MessageCellDelegate.swift in Sources */,
				0E7669862B757D0E008B5D30 /* ProfileTableViewController.swift in Sources */,
				0E50CEEE2B6DBA3B00226B22 /* LoginViewController.swift in Sources */,
				0E4F2B6B2B7AB6A800F0BFF3 /* OutgoingMessage.swift in Sources */,
				0EEDA3082B72AF9F0070C871 /* SettingsTableViewController.swift in Sources */,
				0E745DE32B7BB95E00EB1289 /* FirebaseTypingListener.swift in Sources */,
				0E0865432B740EB5003994C2 /* Extensions.swift in Sources */,
				0E08653D2B73A1FA003994C2 /* EditProfileTableViewController.swift in Sources */,
				0E4F2B572B7AA5AE00F0BFF3 /* MessageDataSource.swift in Sources */,
				0E76697E2B74F79F008B5D30 /* StatusTableViewController.swift in Sources */,
				0E4B00442B7CF9520090E886 /* LocationMessage.swift in Sources */,
				0E4B004A2B7D00690090E886 /* MapAnnotation.swift in Sources */,
				0E745DE12B7B90A600EB1289 /* IncomingMessage.swift in Sources */,
				0E0865452B7411D8003994C2 /* Status.swift in Sources */,
				0E4F2B552B7A944900F0BFF3 /* ChatViewController.swift in Sources */,
				0E4F2B602B7AA60C00F0BFF3 /* InputBarAccessoryViewDelegate.swift in Sources */,
				0E4B003D2B7CD6D30090E886 /* PhotoMessage.swift in Sources */,
				0E4F2B5C2B7AA5EA00F0BFF3 /* MessageDisplayDelegate.swift in Sources */,
				0E50CEEA2B6DBA3B00226B22 /* AppDelegate.swift in Sources */,
				0E8194E92B7B865400F9BDCA /* FirebaseMessageListener.swift in Sources */,
				0E4F2B532B7A80F000F0BFF3 /* ChatsTableViewController.swift in Sources */,
				0E4B00482B7CFD8A0090E886 /* MapViewController.swift in Sources */,
				0E4F2B5E2B7AA5FA00F0BFF3 /* MessageLayoutDelegate.swift in Sources */,
				0E196AAE2B76C49500AD476E /* StartChat.swift in Sources */,
				0E4B00402B7CEB650090E886 /* VideoMessages.swift in Sources */,
				0E3041B22B6FD92900946B20 /* FirebaseUserListener.swift in Sources */,
				0E50CEEC2B6DBA3B00226B22 /* SceneDelegate.swift in Sources */,
				0E4B004E2B7D11950090E886 /* AudioMessage.swift in Sources */,
				0E7819E12B7677DF00E692F8 /* RecentTableViewCell.swift in Sources */,
				0E4F2B642B7AAA4700F0BFF3 /* MKMessage.swift in Sources */,
				0E4B00422B7CEFEE0090E886 /* LocationManager.swift in Sources */,
			);
			runOnlyForDeploymentPostprocessing = 0;
		};
/* End PBXSourcesBuildPhase section */

/* Begin PBXVariantGroup section */
		0E50CEEF2B6DBA3B00226B22 /* Main.storyboard */ = {
			isa = PBXVariantGroup;
			children = (
				0E50CEF02B6DBA3B00226B22 /* Base */,
			);
			name = Main.storyboard;
			sourceTree = "<group>";
		};
		0E50CEF42B6DBA3C00226B22 /* LaunchScreen.storyboard */ = {
			isa = PBXVariantGroup;
			children = (
				0E50CEF52B6DBA3C00226B22 /* Base */,
			);
			name = LaunchScreen.storyboard;
			sourceTree = "<group>";
		};
/* End PBXVariantGroup section */

/* Begin XCBuildConfiguration section */
		0E50CEF82B6DBA3C00226B22 /* Debug */ = {
			isa = XCBuildConfiguration;
			buildSettings = {
				ALWAYS_SEARCH_USER_PATHS = NO;
				CLANG_ANALYZER_NONNULL = YES;
				CLANG_ANALYZER_NUMBER_OBJECT_CONVERSION = YES_AGGRESSIVE;
				CLANG_CXX_LANGUAGE_STANDARD = "gnu++20";
				CLANG_ENABLE_MODULES = YES;
				CLANG_ENABLE_OBJC_ARC = YES;
				CLANG_ENABLE_OBJC_WEAK = YES;
				CLANG_WARN_BLOCK_CAPTURE_AUTORELEASING = YES;
				CLANG_WARN_BOOL_CONVERSION = YES;
				CLANG_WARN_COMMA = YES;
				CLANG_WARN_CONSTANT_CONVERSION = YES;
				CLANG_WARN_DEPRECATED_OBJC_IMPLEMENTATIONS = YES;
				CLANG_WARN_DIRECT_OBJC_ISA_USAGE = YES_ERROR;
				CLANG_WARN_DOCUMENTATION_COMMENTS = YES;
				CLANG_WARN_EMPTY_BODY = YES;
				CLANG_WARN_ENUM_CONVERSION = YES;
				CLANG_WARN_INFINITE_RECURSION = YES;
				CLANG_WARN_INT_CONVERSION = YES;
				CLANG_WARN_NON_LITERAL_NULL_CONVERSION = YES;
				CLANG_WARN_OBJC_IMPLICIT_RETAIN_SELF = YES;
				CLANG_WARN_OBJC_LITERAL_CONVERSION = YES;
				CLANG_WARN_OBJC_ROOT_CLASS = YES_ERROR;
				CLANG_WARN_QUOTED_INCLUDE_IN_FRAMEWORK_HEADER = YES;
				CLANG_WARN_RANGE_LOOP_ANALYSIS = YES;
				CLANG_WARN_STRICT_PROTOTYPES = YES;
				CLANG_WARN_SUSPICIOUS_MOVE = YES;
				CLANG_WARN_UNGUARDED_AVAILABILITY = YES_AGGRESSIVE;
				CLANG_WARN_UNREACHABLE_CODE = YES;
				CLANG_WARN__DUPLICATE_METHOD_MATCH = YES;
				COPY_PHASE_STRIP = NO;
				DEBUG_INFORMATION_FORMAT = dwarf;
				ENABLE_STRICT_OBJC_MSGSEND = YES;
				ENABLE_TESTABILITY = YES;
				GCC_C_LANGUAGE_STANDARD = gnu11;
				GCC_DYNAMIC_NO_PIC = NO;
				GCC_NO_COMMON_BLOCKS = YES;
				GCC_OPTIMIZATION_LEVEL = 0;
				GCC_PREPROCESSOR_DEFINITIONS = (
					"DEBUG=1",
					"$(inherited)",
				);
				GCC_WARN_64_TO_32_BIT_CONVERSION = YES;
				GCC_WARN_ABOUT_RETURN_TYPE = YES_ERROR;
				GCC_WARN_UNDECLARED_SELECTOR = YES;
				GCC_WARN_UNINITIALIZED_AUTOS = YES_AGGRESSIVE;
				GCC_WARN_UNUSED_FUNCTION = YES;
				GCC_WARN_UNUSED_VARIABLE = YES;
				IPHONEOS_DEPLOYMENT_TARGET = 16.2;
				MTL_ENABLE_DEBUG_INFO = INCLUDE_SOURCE;
				MTL_FAST_MATH = YES;
				ONLY_ACTIVE_ARCH = YES;
				SDKROOT = iphoneos;
				SWIFT_ACTIVE_COMPILATION_CONDITIONS = DEBUG;
				SWIFT_OPTIMIZATION_LEVEL = "-Onone";
			};
			name = Debug;
		};
		0E50CEF92B6DBA3C00226B22 /* Release */ = {
			isa = XCBuildConfiguration;
			buildSettings = {
				ALWAYS_SEARCH_USER_PATHS = NO;
				CLANG_ANALYZER_NONNULL = YES;
				CLANG_ANALYZER_NUMBER_OBJECT_CONVERSION = YES_AGGRESSIVE;
				CLANG_CXX_LANGUAGE_STANDARD = "gnu++20";
				CLANG_ENABLE_MODULES = YES;
				CLANG_ENABLE_OBJC_ARC = YES;
				CLANG_ENABLE_OBJC_WEAK = YES;
				CLANG_WARN_BLOCK_CAPTURE_AUTORELEASING = YES;
				CLANG_WARN_BOOL_CONVERSION = YES;
				CLANG_WARN_COMMA = YES;
				CLANG_WARN_CONSTANT_CONVERSION = YES;
				CLANG_WARN_DEPRECATED_OBJC_IMPLEMENTATIONS = YES;
				CLANG_WARN_DIRECT_OBJC_ISA_USAGE = YES_ERROR;
				CLANG_WARN_DOCUMENTATION_COMMENTS = YES;
				CLANG_WARN_EMPTY_BODY = YES;
				CLANG_WARN_ENUM_CONVERSION = YES;
				CLANG_WARN_INFINITE_RECURSION = YES;
				CLANG_WARN_INT_CONVERSION = YES;
				CLANG_WARN_NON_LITERAL_NULL_CONVERSION = YES;
				CLANG_WARN_OBJC_IMPLICIT_RETAIN_SELF = YES;
				CLANG_WARN_OBJC_LITERAL_CONVERSION = YES;
				CLANG_WARN_OBJC_ROOT_CLASS = YES_ERROR;
				CLANG_WARN_QUOTED_INCLUDE_IN_FRAMEWORK_HEADER = YES;
				CLANG_WARN_RANGE_LOOP_ANALYSIS = YES;
				CLANG_WARN_STRICT_PROTOTYPES = YES;
				CLANG_WARN_SUSPICIOUS_MOVE = YES;
				CLANG_WARN_UNGUARDED_AVAILABILITY = YES_AGGRESSIVE;
				CLANG_WARN_UNREACHABLE_CODE = YES;
				CLANG_WARN__DUPLICATE_METHOD_MATCH = YES;
				COPY_PHASE_STRIP = NO;
				DEBUG_INFORMATION_FORMAT = "dwarf-with-dsym";
				ENABLE_NS_ASSERTIONS = NO;
				ENABLE_STRICT_OBJC_MSGSEND = YES;
				GCC_C_LANGUAGE_STANDARD = gnu11;
				GCC_NO_COMMON_BLOCKS = YES;
				GCC_WARN_64_TO_32_BIT_CONVERSION = YES;
				GCC_WARN_ABOUT_RETURN_TYPE = YES_ERROR;
				GCC_WARN_UNDECLARED_SELECTOR = YES;
				GCC_WARN_UNINITIALIZED_AUTOS = YES_AGGRESSIVE;
				GCC_WARN_UNUSED_FUNCTION = YES;
				GCC_WARN_UNUSED_VARIABLE = YES;
				IPHONEOS_DEPLOYMENT_TARGET = 16.2;
				MTL_ENABLE_DEBUG_INFO = NO;
				MTL_FAST_MATH = YES;
				SDKROOT = iphoneos;
				SWIFT_COMPILATION_MODE = wholemodule;
				SWIFT_OPTIMIZATION_LEVEL = "-O";
				VALIDATE_PRODUCT = YES;
			};
			name = Release;
		};
		0E50CEFB2B6DBA3C00226B22 /* Debug */ = {
			isa = XCBuildConfiguration;
			baseConfigurationReference = 7C2DD413F445D2DC58BAB467 /* Pods-Messenger2.0.debug.xcconfig */;
			buildSettings = {
				ASSETCATALOG_COMPILER_APPICON_NAME = AppIcon;
				ASSETCATALOG_COMPILER_GLOBAL_ACCENT_COLOR_NAME = AccentColor;
				CODE_SIGN_STYLE = Automatic;
				CURRENT_PROJECT_VERSION = 1;
				DEVELOPMENT_TEAM = 5ZQD66TR3H;
				GENERATE_INFOPLIST_FILE = YES;
				INFOPLIST_FILE = Messenger2.0/Info.plist;
				INFOPLIST_KEY_UIApplicationSupportsIndirectInputEvents = YES;
				INFOPLIST_KEY_UILaunchStoryboardName = LaunchScreen;
				INFOPLIST_KEY_UIMainStoryboardFile = Main;
				INFOPLIST_KEY_UISupportedInterfaceOrientations_iPad = "UIInterfaceOrientationPortrait UIInterfaceOrientationPortraitUpsideDown UIInterfaceOrientationLandscapeLeft UIInterfaceOrientationLandscapeRight";
				INFOPLIST_KEY_UISupportedInterfaceOrientations_iPhone = "UIInterfaceOrientationPortrait UIInterfaceOrientationLandscapeLeft UIInterfaceOrientationLandscapeRight";
				LD_RUNPATH_SEARCH_PATHS = (
					"$(inherited)",
					"@executable_path/Frameworks",
				);
				MARKETING_VERSION = 2.0;
				PRODUCT_BUNDLE_IDENTIFIER = "Hozan.Messenger2-0";
				PRODUCT_NAME = "$(TARGET_NAME)";
				SWIFT_EMIT_LOC_STRINGS = YES;
				SWIFT_VERSION = 5.0;
				TARGETED_DEVICE_FAMILY = "1,2";
			};
			name = Debug;
		};
		0E50CEFC2B6DBA3C00226B22 /* Release */ = {
			isa = XCBuildConfiguration;
			baseConfigurationReference = 4FC2A08E8E4D5A0EB719BEB6 /* Pods-Messenger2.0.release.xcconfig */;
			buildSettings = {
				ASSETCATALOG_COMPILER_APPICON_NAME = AppIcon;
				ASSETCATALOG_COMPILER_GLOBAL_ACCENT_COLOR_NAME = AccentColor;
				CODE_SIGN_STYLE = Automatic;
				CURRENT_PROJECT_VERSION = 1;
				DEVELOPMENT_TEAM = 5ZQD66TR3H;
				GENERATE_INFOPLIST_FILE = YES;
				INFOPLIST_FILE = Messenger2.0/Info.plist;
				INFOPLIST_KEY_UIApplicationSupportsIndirectInputEvents = YES;
				INFOPLIST_KEY_UILaunchStoryboardName = LaunchScreen;
				INFOPLIST_KEY_UIMainStoryboardFile = Main;
				INFOPLIST_KEY_UISupportedInterfaceOrientations_iPad = "UIInterfaceOrientationPortrait UIInterfaceOrientationPortraitUpsideDown UIInterfaceOrientationLandscapeLeft UIInterfaceOrientationLandscapeRight";
				INFOPLIST_KEY_UISupportedInterfaceOrientations_iPhone = "UIInterfaceOrientationPortrait UIInterfaceOrientationLandscapeLeft UIInterfaceOrientationLandscapeRight";
				LD_RUNPATH_SEARCH_PATHS = (
					"$(inherited)",
					"@executable_path/Frameworks",
				);
				MARKETING_VERSION = 2.0;
				PRODUCT_BUNDLE_IDENTIFIER = "Hozan.Messenger2-0";
				PRODUCT_NAME = "$(TARGET_NAME)";
				SWIFT_EMIT_LOC_STRINGS = YES;
				SWIFT_VERSION = 5.0;
				TARGETED_DEVICE_FAMILY = "1,2";
			};
			name = Release;
		};
/* End XCBuildConfiguration section */

/* Begin XCConfigurationList section */
		0E50CEE12B6DBA3B00226B22 /* Build configuration list for PBXProject "Messenger2.0" */ = {
			isa = XCConfigurationList;
			buildConfigurations = (
				0E50CEF82B6DBA3C00226B22 /* Debug */,
				0E50CEF92B6DBA3C00226B22 /* Release */,
			);
			defaultConfigurationIsVisible = 0;
			defaultConfigurationName = Release;
		};
		0E50CEFA2B6DBA3C00226B22 /* Build configuration list for PBXNativeTarget "Messenger2.0" */ = {
			isa = XCConfigurationList;
			buildConfigurations = (
				0E50CEFB2B6DBA3C00226B22 /* Debug */,
				0E50CEFC2B6DBA3C00226B22 /* Release */,
			);
			defaultConfigurationIsVisible = 0;
			defaultConfigurationName = Release;
		};
/* End XCConfigurationList section */
	};
	rootObject = 0E50CEDE2B6DBA3B00226B22 /* Project object */;
}
